
Microsoft Visual Studio Solution File, Format Version 12.00
# Visual Studio Version 17
VisualStudioVersion = 17.9.34728.123
MinimumVisualStudioVersion = 10.0.40219.1
Project("{9A19103F-16F7-4668-BE54-9A1E7A4F7556}") = "TraversalCoreProje", "TraversalCoreProje\TraversalCoreProje.csproj", "{7D74696A-B41F-4959-B1C5-F8347924AC7C}"
EndProject
Project("{9A19103F-16F7-4668-BE54-9A1E7A4F7556}") = "EntityLayer", "EntityLayer\EntityLayer.csproj", "{2A845375-8614-4FC7-B52A-72449F8DC35A}"
EndProject
Project("{9A19103F-16F7-4668-BE54-9A1E7A4F7556}") = "BusinessLayer", "BusinessLayer\BusinessLayer.csproj", "{D4F4D5DC-28F4-4DCF-A9CA-7671A17C596E}"
EndProject
Project("{9A19103F-16F7-4668-BE54-9A1E7A4F7556}") = "DataAccessLayer", "DataAccessLayer\DataAccessLayer.csproj", "{212CB195-6D82-42D0-933C-7B814406CFD9}"
EndProject
Project("{9A19103F-16F7-4668-BE54-9A1E7A4F7556}") = "DTOLayer", "DTOLayer\DTOLayer.csproj", "{AEDC29E7-3247-4446-9CA1-8DA15573C26F}"
EndProject
Project("{FAE04EC0-301F-11D3-BF4B-00C04F79EFBC}") = "TraversalApiProject", "TraversalApiProject\TraversalApiProject.csproj", "{B9E3FB2B-03BE-4208-AC51-9ABC20EE8D6D}"
EndProject
Global
	GlobalSection(SolutionConfigurationPlatforms) = preSolution
		Debug|Any CPU = Debug|Any CPU
		Release|Any CPU = Release|Any CPU
	EndGlobalSection
	GlobalSection(ProjectConfigurationPlatforms) = postSolution
		{7D74696A-B41F-4959-B1C5-F8347924AC7C}.Debug|Any CPU.ActiveCfg = Debug|Any CPU
		{7D74696A-B41F-4959-B1C5-F8347924AC7C}.Debug|Any CPU.Build.0 = Debug|Any CPU
		{7D74696A-B41F-4959-B1C5-F8347924AC7C}.Release|Any CPU.ActiveCfg = Release|Any CPU
		{7D74696A-B41F-4959-B1C5-F8347924AC7C}.Release|Any CPU.Build.0 = Release|Any CPU
		{2A845375-8614-4FC7-B52A-72449F8DC35A}.Debug|Any CPU.ActiveCfg = Debug|Any CPU
		{2A845375-8614-4FC7-B52A-72449F8DC35A}.Debug|Any CPU.Build.0 = Debug|Any CPU
		{2A845375-8614-4FC7-B52A-72449F8DC35A}.Release|Any CPU.ActiveCfg = Release|Any CPU
		{2A845375-8614-4FC7-B52A-72449F8DC35A}.Release|Any CPU.Build.0 = Release|Any CPU
		{D4F4D5DC-28F4-4DCF-A9CA-7671A17C596E}.Debug|Any CPU.ActiveCfg = Debug|Any CPU
		{D4F4D5DC-28F4-4DCF-A9CA-7671A17C596E}.Debug|Any CPU.Build.0 = Debug|Any CPU
		{D4F4D5DC-28F4-4DCF-A9CA-7671A17C596E}.Release|Any CPU.ActiveCfg = Release|Any CPU
		{D4F4D5DC-28F4-4DCF-A9CA-7671A17C596E}.Release|Any CPU.Build.0 = Release|Any CPU
		{212CB195-6D82-42D0-933C-7B814406CFD9}.Debug|Any CPU.ActiveCfg = Debug|Any CPU
		{212CB195-6D82-42D0-933C-7B814406CFD9}.Debug|Any CPU.Build.0 = Debug|Any CPU
		{212CB195-6D82-42D0-933C-7B814406CFD9}.Release|Any CPU.ActiveCfg = Release|Any CPU
		{212CB195-6D82-42D0-933C-7B814406CFD9}.Release|Any CPU.Build.0 = Release|Any CPU
		{AEDC29E7-3247-4446-9CA1-8DA15573C26F}.Debug|Any CPU.ActiveCfg = Debug|Any CPU
		{AEDC29E7-3247-4446-9CA1-8DA15573C26F}.Debug|Any CPU.Build.0 = Debug|Any CPU
		{AEDC29E7-3247-4446-9CA1-8DA15573C26F}.Release|Any CPU.ActiveCfg = Release|Any CPU
		{AEDC29E7-3247-4446-9CA1-8DA15573C26F}.Release|Any CPU.Build.0 = Release|Any CPU
		{B9E3FB2B-03BE-4208-AC51-9ABC20EE8D6D}.Debug|Any CPU.ActiveCfg = Debug|Any CPU
		{B9E3FB2B-03BE-4208-AC51-9ABC20EE8D6D}.Debug|Any CPU.Build.0 = Debug|Any CPU
		{B9E3FB2B-03BE-4208-AC51-9ABC20EE8D6D}.Release|Any CPU.ActiveCfg = Release|Any CPU
		{B9E3FB2B-03BE-4208-AC51-9ABC20EE8D6D}.Release|Any CPU.Build.0 = Release|Any CPU
	EndGlobalSection
	GlobalSection(SolutionProperties) = preSolution
		HideSolutionNode = FALSE
	EndGlobalSection
	GlobalSection(ExtensibilityGlobals) = postSolution
		SolutionGuid = {C66BC00D-6575-4C6B-8849-F5339EBD270D}
	EndGlobalSection
EndGlobal
